Microsoft Visual Studio Solution File, Format Version 12.00
# Visual Studio Version 17
VisualStudioVersion = 17.5.2.0
MinimumVisualStudioVersion = 10.0.40219.1
Project("{FAE04EC0-301F-11D3-BF4B-00C04F79EFBC}") = "exercise2WeatherApi", "exercise2WeatherApi.csproj", "{479845EE-B4FB-CA1A-135F-A5E80EA7D0E6}"
EndProject
Global
	GlobalSection(SolutionConfigurationPlatforms) = preSolution
		Debug|Any CPU = Debug|Any CPU
		Release|Any CPU = Release|Any CPU
	EndGlobalSection
	GlobalSection(ProjectConfigurationPlatforms) = postSolution
		{479845EE-B4FB-CA1A-135F-A5E80EA7D0E6}.Debug|Any CPU.ActiveCfg = Debug|Any CPU
		{479845EE-B4FB-CA1A-135F-A5E80EA7D0E6}.Debug|Any CPU.Build.0 = Debug|Any CPU
		{479845EE-B4FB-CA1A-135F-A5E80EA7D0E6}.Release|Any CPU.ActiveCfg = Release|Any CPU
		{479845EE-B4FB-CA1A-135F-A5E80EA7D0E6}.Release|Any CPU.Build.0 = Release|Any CPU
	EndGlobalSection
	GlobalSection(SolutionProperties) = preSolution
		HideSolutionNode = FALSE
	EndGlobalSection
	GlobalSection(ExtensibilityGlobals) = postSolution
		SolutionGuid = {9BAE9BDD-7FFD-4900-B899-6D6930C97151}
	EndGlobalSection
EndGlobal
